
Microsoft Visual Studio Solution File, Format Version 10.00
# Visual Studio 2008
Project("{FAE04EC0-301F-11D3-BF4B-00C04F79EFBC}") = "CdnRawC", "CdnRawC.csproj", "{FEB77A56-5271-4E82-B65C-9DB0886759E8}"
EndProject
Project("{FAE04EC0-301F-11D3-BF4B-00C04F79EFBC}") = "libcdnrawc", "libcdnrawc\libcdnrawc.csproj", "{BD4A016B-2BD3-4701-AEBA-6B1884EDC265}"
EndProject
Global
	GlobalSection(SolutionConfigurationPlatforms) = preSolution
		Debug|x86 = Debug|x86
		Release|x86 = Release|x86
	EndGlobalSection
	GlobalSection(ProjectConfigurationPlatforms) = postSolution
		{BD4A016B-2BD3-4701-AEBA-6B1884EDC265}.Debug|x86.ActiveCfg = Debug|Any CPU
		{BD4A016B-2BD3-4701-AEBA-6B1884EDC265}.Debug|x86.Build.0 = Debug|Any CPU
		{BD4A016B-2BD3-4701-AEBA-6B1884EDC265}.Release|x86.ActiveCfg = Release|Any CPU
		{BD4A016B-2BD3-4701-AEBA-6B1884EDC265}.Release|x86.Build.0 = Release|Any CPU
		{FEB77A56-5271-4E82-B65C-9DB0886759E8}.Debug|x86.ActiveCfg = Debug|x86
		{FEB77A56-5271-4E82-B65C-9DB0886759E8}.Debug|x86.Build.0 = Debug|x86
		{FEB77A56-5271-4E82-B65C-9DB0886759E8}.Release|x86.ActiveCfg = Release|x86
		{FEB77A56-5271-4E82-B65C-9DB0886759E8}.Release|x86.Build.0 = Release|x86
	EndGlobalSection
	GlobalSection(MonoDevelopProperties) = preSolution
		StartupItem = CdnRawC.csproj
		Policies = $0
		$0.TextStylePolicy = $1
		$1.TabWidth = 4
		$1.NoTabsAfterNonTabs = True
		$1.RemoveTrailingWhitespace = True
		$1.inheritsSet = Mono
		$1.inheritsScope = text/plain
		$1.scope = text/x-csharp
		$0.CSharpFormattingPolicy = $2
		$2.AnonymousMethodBraceStyle = NextLine
		$2.PropertyBraceStyle = NextLine
		$2.PropertyGetBraceStyle = NextLine
		$2.PropertySetBraceStyle = NextLine
		$2.StatementBraceStyle = NextLine
		$2.IfElseBraceForcement = AddBraces
		$2.ForBraceForcement = AddBraces
		$2.WhileBraceForcement = AddBraces
		$2.UsingBraceForcement = AddBraces
		$2.FixedBraceForcement = AddBraces
		$2.PlaceElseOnNewLine = True
		$2.PlaceCatchOnNewLine = True
		$2.PlaceFinallyOnNewLine = True
		$2.BeforeMethodDeclarationParentheses = False
		$2.BeforeMethodCallParentheses = False
		$2.BeforeConstructorDeclarationParentheses = False
		$2.BeforeIndexerDeclarationBracket = False
		$2.BeforeDelegateDeclarationParentheses = False
		$2.NewParentheses = False
		$2.SpacesBeforeBrackets = False
		$2.inheritsSet = Mono
		$2.inheritsScope = text/x-csharp
		$2.scope = text/x-csharp
	EndGlobalSection
EndGlobal
