
Microsoft Visual Studio Solution File, Format Version 10.00
# Visual Studio 2008
Project("{FAE04EC0-301F-11D3-BF4B-00C04F79EFBC}") = "CpgRawC", "CpgRawC.csproj", "{FEB77A56-5271-4E82-B65C-9DB0886759E8}"
EndProject
Project("{FAE04EC0-301F-11D3-BF4B-00C04F79EFBC}") = "libcpgrawc", "libcpgrawc\libcpgrawc.csproj", "{BD4A016B-2BD3-4701-AEBA-6B1884EDC265}"
EndProject
Global
	GlobalSection(SolutionConfigurationPlatforms) = preSolution
		Debug|x86 = Debug|x86
		Release|x86 = Release|x86
	EndGlobalSection
	GlobalSection(ProjectConfigurationPlatforms) = postSolution
		{BD4A016B-2BD3-4701-AEBA-6B1884EDC265}.Debug|x86.ActiveCfg = Debug|Any CPU
		{BD4A016B-2BD3-4701-AEBA-6B1884EDC265}.Debug|x86.Build.0 = Debug|Any CPU
		{BD4A016B-2BD3-4701-AEBA-6B1884EDC265}.Release|x86.ActiveCfg = Release|Any CPU
		{BD4A016B-2BD3-4701-AEBA-6B1884EDC265}.Release|x86.Build.0 = Release|Any CPU
		{FEB77A56-5271-4E82-B65C-9DB0886759E8}.Debug|x86.ActiveCfg = Debug|x86
		{FEB77A56-5271-4E82-B65C-9DB0886759E8}.Debug|x86.Build.0 = Debug|x86
		{FEB77A56-5271-4E82-B65C-9DB0886759E8}.Release|x86.ActiveCfg = Release|x86
		{FEB77A56-5271-4E82-B65C-9DB0886759E8}.Release|x86.Build.0 = Release|x86
	EndGlobalSection
	GlobalSection(MonoDevelopProperties) = preSolution
		StartupItem = CpgRawC.csproj
	EndGlobalSection
EndGlobal
